{
    "_readme": [
        "This file locks the dependencies of your project to a known state",
        "Read more about it at https://getcomposer.org/doc/01-basic-usage.md#installing-dependencies",
        "This file is @generated automatically"
    ],
    "content-hash": "c01a13ecca0be76dd189bc8c03b0d2b7",
    "packages": [
        {
            "name": "hybridauth/hybridauth",
            "version": "v3.1.1",
            "source": {
                "type": "git",
                "url": "https://github.com/hybridauth/hybridauth.git",
                "reference": "020be6991e7ae9f1ffaabae6586245d2a9626273"
            },
            "dist": {
                "type": "zip",
                "url": "https://api.github.com/repos/hybridauth/hybridauth/zipball/020be6991e7ae9f1ffaabae6586245d2a9626273",
                "reference": "020be6991e7ae9f1ffaabae6586245d2a9626273",
                "shasum": ""
            },
            "require": {
                "php": ">=5.4.0"
            },
            "require-dev": {
                "ext-curl": "*",
                "phpunit/phpunit": "~4.8.35"
            },
            "type": "library",
            "extra": {
                "branch-alias": {
                    "dev-master": "3.0-dev"
                }
            },
            "autoload": {
                "psr-4": {
                    "Hybridauth\\": "src/"
                }
            },
            "notification-url": "https://packagist.org/downloads/",
            "license": [
                "MIT"
            ],
            "authors": [
                {
                    "name": "Miled",
                    "email": "hybridauth@gmail.com"
                }
            ],
            "description": "PHP Social Authentication Library",
            "homepage": "https://hybridauth.github.io",
            "keywords": [
                "Authentication",
                "OpenId",
                "api",
                "authorization",
                "facebook",
                "google",
                "oauth",
                "social",
                "twitter"
            ],
            "time": "2019-12-27T09:26:40+00:00"
        },
        {
            "name": "jankx/helpers",
            "version": "dev-master",
            "source": {
                "type": "git",
                "url": "https://github.com/jankx/helpers.git",
                "reference": "8dae694215c43821eb4a20b648c16271767a167c"
            },
            "dist": {
                "type": "zip",
                "url": "https://api.github.com/repos/jankx/helpers/zipball/8dae694215c43821eb4a20b648c16271767a167c",
                "reference": "8dae694215c43821eb4a20b648c16271767a167c",
                "shasum": ""
            },
            "type": "library",
            "notification-url": "https://packagist.org/downloads/",
            "license": [
                "MIT"
            ],
            "authors": [
                {
                    "name": "Puleeno Nguyen",
                    "email": "puleeno@gmail.com"
                }
            ],
            "description": "The helpers for Jankx Framework",
            "time": "2020-09-12T10:38:00+00:00"
        },
        {
            "name": "jankx/template",
            "version": "dev-master",
            "source": {
                "type": "git",
                "url": "https://github.com/jankx/template.git",
                "reference": "14be2a836c3abab2488382b6a93be3ebab4ca8ae"
            },
            "dist": {
                "type": "zip",
                "url": "https://api.github.com/repos/jankx/template/zipball/14be2a836c3abab2488382b6a93be3ebab4ca8ae",
                "reference": "14be2a836c3abab2488382b6a93be3ebab4ca8ae",
                "shasum": ""
            },
            "require": {
                "jankx/template-engine": "dev-master"
            },
            "type": "library",
            "autoload": {
                "psr-4": {
                    "Jankx\\Template\\": "src/"
                }
            },
            "notification-url": "https://packagist.org/downloads/",
            "license": [
                "MIT"
            ],
            "authors": [
                {
                    "name": "Puleeno Nguyen",
                    "email": "puleeno@gmail.com"
                }
            ],
            "description": "Jankx template manager usable to load template with support override, caching",
            "time": "2020-09-14T14:01:19+00:00"
        },
        {
            "name": "jankx/template-engine",
            "version": "dev-master",
            "source": {
                "type": "git",
                "url": "https://github.com/jankx/template-engine.git",
                "reference": "e8f79fc9a64b738bdfd3880b4da4498d6e990897"
            },
            "dist": {
                "type": "zip",
                "url": "https://api.github.com/repos/jankx/template-engine/zipball/e8f79fc9a64b738bdfd3880b4da4498d6e990897",
                "reference": "e8f79fc9a64b738bdfd3880b4da4498d6e990897",
                "shasum": ""
            },
            "require": {
                "jankx/helpers": "dev-master"
            },
            "type": "library",
            "autoload": {
                "psr-4": {
                    "Jankx\\Template\\Engine\\": "src/"
                }
            },
            "notification-url": "https://packagist.org/downloads/",
            "license": [
                "MIT"
            ],
            "authors": [
                {
                    "name": "Puleeno Nguyen",
                    "email": "puleeno@gmail.com"
                }
            ],
            "description": "The template engine for Jankx Framework",
            "time": "2020-09-12T14:40:24+00:00"
        },
        {
            "name": "psr/log",
            "version": "dev-master",
            "source": {
                "type": "git",
                "url": "https://github.com/php-fig/log.git",
                "reference": "0f73288fd15629204f9d42b7055f72dacbe811fc"
            },
            "dist": {
                "type": "zip",
                "url": "https://api.github.com/repos/php-fig/log/zipball/0f73288fd15629204f9d42b7055f72dacbe811fc",
                "reference": "0f73288fd15629204f9d42b7055f72dacbe811fc",
                "shasum": ""
            },
            "require": {
                "php": ">=5.3.0"
            },
            "type": "library",
            "extra": {
                "branch-alias": {
                    "dev-master": "1.1.x-dev"
                }
            },
            "autoload": {
                "psr-4": {
                    "Psr\\Log\\": "Psr/Log/"
                }
            },
            "notification-url": "https://packagist.org/downloads/",
            "license": [
                "MIT"
            ],
            "authors": [
                {
                    "name": "PHP-FIG",
                    "homepage": "http://www.php-fig.org/"
                }
            ],
            "description": "Common interface for logging libraries",
            "homepage": "https://github.com/php-fig/log",
            "keywords": [
                "log",
                "psr",
                "psr-3"
            ],
            "time": "2020-03-23T09:12:05+00:00"
        },
        {
            "name": "puleeno-ng/paypress",
            "version": "dev-master",
            "source": {
                "type": "git",
                "url": "https://github.com/puleeno-ng/paypress.git",
                "reference": "84a45228b0ea2a736e8ffeddbf3c0e5ba7e4921a"
            },
            "dist": {
                "type": "zip",
                "url": "https://api.github.com/repos/puleeno-ng/paypress/zipball/84a45228b0ea2a736e8ffeddbf3c0e5ba7e4921a",
                "reference": "84a45228b0ea2a736e8ffeddbf3c0e5ba7e4921a",
                "shasum": ""
            },
            "require": {
                "ramphor/facades": "dev-master"
            },
            "type": "library",
            "autoload": {
                "psr-4": {
                    "PayPress\\": "src/"
                }
            },
            "notification-url": "https://packagist.org/downloads/",
            "license": [
                "MIT"
            ],
            "authors": [
                {
                    "name": "Puleeno Ng.",
                    "email": "puleeno@gmail.com"
                }
            ],
            "description": "The payment system for WordPress",
            "time": "2020-09-05T17:35:57+00:00"
        },
        {
            "name": "ramphor/facades",
            "version": "dev-master",
            "source": {
                "type": "git",
                "url": "https://github.com/ramphor/facades.git",
                "reference": "269b43be37f390e9f54b1e0103d274bf1fe7cba9"
            },
            "dist": {
                "type": "zip",
                "url": "https://api.github.com/repos/ramphor/facades/zipball/269b43be37f390e9f54b1e0103d274bf1fe7cba9",
                "reference": "269b43be37f390e9f54b1e0103d274bf1fe7cba9",
                "shasum": ""
            },
            "require": {
                "ramphor/logger": "~1.0.0"
            },
            "type": "library",
            "autoload": {
                "psr-4": {
                    "Ramphor\\Facades\\": "src/"
                },
                "files": [
                    "./resolver.php"
                ]
            },
            "notification-url": "https://packagist.org/downloads/",
            "license": [
                "GPL-2.0-or-later"
            ],
            "authors": [
                {
                    "name": "Ramphor Premium",
                    "email": "puleeno@gmail.com"
                }
            ],
            "description": "Make the Facades for Laravel lovers",
            "time": "2020-08-23T03:20:38+00:00"
        },
        {
            "name": "ramphor/filter-form",
            "version": "dev-master",
            "source": {
                "type": "git",
                "url": "https://github.com/ramphor/filter-form-js.git",
                "reference": "5aeb90573aa44367336b2e9b7a1d37bd4f286981"
            },
            "dist": {
                "type": "zip",
                "url": "https://api.github.com/repos/ramphor/filter-form-js/zipball/5aeb90573aa44367336b2e9b7a1d37bd4f286981",
                "reference": "5aeb90573aa44367336b2e9b7a1d37bd4f286981",
                "shasum": ""
            },
            "require": {
                "jankx/template": "dev-master"
            },
            "type": "library",
            "autoload": {
                "files": [
                    "./filter-form.php"
                ]
            },
            "notification-url": "https://packagist.org/downloads/",
            "license": [
                "GPL-2.0-or-later"
            ],
            "authors": [
                {
                    "name": "Ramphor Premium",
                    "email": "puleeno@gmail.com"
                }
            ],
            "description": "The flexible Javascript filter form for WordPress themes and plugins",
            "time": "2020-08-23T14:58:27+00:00"
        },
        {
            "name": "ramphor/google-maps",
            "version": "dev-master",
            "source": {
                "type": "git",
                "url": "https://github.com/ramphor/google-maps.git",
                "reference": "0cc4c32ed64abdf3fbaf0c51bef4e2e8bb5788f4"
            },
            "dist": {
                "type": "zip",
                "url": "https://api.github.com/repos/ramphor/google-maps/zipball/0cc4c32ed64abdf3fbaf0c51bef4e2e8bb5788f4",
                "reference": "0cc4c32ed64abdf3fbaf0c51bef4e2e8bb5788f4",
                "shasum": ""
            },
            "type": "library",
            "autoload": {
                "psr-4": {
                    "Ramphor\\Google\\Maps\\": "src/Maps"
                }
            },
            "notification-url": "https://packagist.org/downloads/",
            "license": [
                "MIT"
            ],
            "authors": [
                {
                    "name": "Puleeno Nguyen",
                    "email": "puleeno@gmail.com"
                }
            ],
            "description": "Google Maps component for WordPress themes and plugins",
            "time": "2020-09-03T07:59:21+00:00"
        },
        {
            "name": "ramphor/human-friendly-numbers",
            "version": "dev-master",
            "source": {
                "type": "git",
                "url": "https://github.com/ramphor/human-friendly-numbers.git",
                "reference": "2674de61697920efd4f7b939b3c496efcb2683a5"
            },
            "dist": {
                "type": "zip",
                "url": "https://api.github.com/repos/ramphor/human-friendly-numbers/zipball/2674de61697920efd4f7b939b3c496efcb2683a5",
                "reference": "2674de61697920efd4f7b939b3c496efcb2683a5",
                "shasum": ""
            },
            "type": "library",
            "autoload": {
                "psr-4": {
                    "Ramphor\\FriendlyNumbers\\": "src/FriendlyNumbers/"
                }
            },
            "notification-url": "https://packagist.org/downloads/",
            "license": [
                "MIT"
            ],
            "authors": [
                {
                    "name": "Puleeno Nguyen",
                    "email": "puleeno@gmail.com"
                }
            ],
            "description": "Friendly number for human can read easiler.",
            "time": "2020-09-05T16:06:31+00:00"
        },
        {
            "name": "ramphor/locations",
            "version": "dev-master",
            "source": {
                "type": "git",
                "url": "https://github.com/ramphor/locations.git",
                "reference": "2bb13e29d05eb235ffdb507e361143cb1901960b"
            },
            "dist": {
                "type": "zip",
                "url": "https://api.github.com/repos/ramphor/locations/zipball/2bb13e29d05eb235ffdb507e361143cb1901960b",
                "reference": "2bb13e29d05eb235ffdb507e361143cb1901960b",
                "shasum": ""
            },
            "require": {
                "ramphor/logger": "1.0.0"
            },
            "type": "library",
            "autoload": {
                "psr-4": {
                    "Ramphor\\Locations\\": "src/"
                },
                "files": [
                    "./initial.php"
                ]
            },
            "notification-url": "https://packagist.org/downloads/",
            "license": [
                "GPL-2.0-or-later"
            ],
            "authors": [
                {
                    "name": "Ramphor Premium",
                    "email": "puleeno@gmail.com"
                }
            ],
            "description": "Register locations such as country, state, city, etc for WordPress",
            "time": "2020-08-24T01:23:33+00:00"
        },
        {
            "name": "ramphor/logger",
            "version": "1.0.0",
            "source": {
                "type": "git",
                "url": "https://github.com/ramphor/logger.git",
                "reference": "2f3933b74b84c2e9414f4bd7dab4ba2304f19e5d"
            },
            "dist": {
                "type": "zip",
                "url": "https://api.github.com/repos/ramphor/logger/zipball/2f3933b74b84c2e9414f4bd7dab4ba2304f19e5d",
                "reference": "2f3933b74b84c2e9414f4bd7dab4ba2304f19e5d",
                "shasum": ""
            },
            "require": {
                "psr/log": "^1.1.3"
            },
            "type": "library",
            "autoload": {
                "files": [
                    "includes/autoload.php"
                ],
                "psr-4": {
                    "Ramphor\\Logger\\": "src"
                }
            },
            "notification-url": "https://packagist.org/downloads/",
            "license": [
                "MIT"
            ],
            "authors": [
                {
                    "name": "Puleeno Nguyen",
                    "email": "puleeno@gmail.com"
                }
            ],
            "description": "Wrap the Monolog library for WordPress themes and plugins",
            "time": "2020-08-23T03:17:05+00:00"
        },
        {
            "name": "ramphor/user-profile",
            "version": "dev-master",
            "source": {
                "type": "git",
                "url": "https://github.com/ramphor/user-profile.git",
                "reference": "661bf574b1c2c8deae69f2021f763e57ecdc4627"
            },
            "dist": {
                "type": "zip",
                "url": "https://api.github.com/repos/ramphor/user-profile/zipball/661bf574b1c2c8deae69f2021f763e57ecdc4627",
                "reference": "661bf574b1c2c8deae69f2021f763e57ecdc4627",
                "shasum": ""
            },
            "require": {
                "hybridauth/hybridauth": "3.1.1",
                "jankx/template": "dev-master"
            },
            "type": "library",
            "autoload": {
                "psr-4": {
                    "Ramphor\\User\\": "src/"
                }
            },
            "notification-url": "https://packagist.org/downloads/",
            "license": [
                "MIT"
            ],
            "authors": [
                {
                    "name": "Puleeno Nguyen",
                    "email": "puleeno@gmail.com"
                }
            ],
            "description": "User profile core for embed to other plugins or themes",
            "time": "2020-03-20T00:26:48+00:00"
        }
    ],
    "packages-dev": [],
    "aliases": [],
    "minimum-stability": "dev",
    "stability-flags": {
        "jankx/template": 20,
        "puleeno-ng/paypress": 20,
        "ramphor/facades": 20,
        "ramphor/filter-form": 20,
        "ramphor/google-maps": 20,
        "ramphor/human-friendly-numbers": 20,
        "ramphor/locations": 20,
        "ramphor/user-profile": 20
    },
    "prefer-stable": false,
    "prefer-lowest": false,
    "platform": [],
    "platform-dev": []
}
